// !$*UTF8*$!
{
	archiveVersion = 1;
	classes = {
	};
	objectVersion = 56;
	objects = {

/* Begin PBXBuildFile section */
		C9001E332B2643710077A953 /* SearchView.swift in Sources */ = {isa = PBXBuildFile; fileRef = C9001E322B2643710077A953 /* SearchView.swift */; };
		C9001E352B2648750077A953 /* LoginView.swift in Sources */ = {isa = PBXBuildFile; fileRef = C9001E342B2648750077A953 /* LoginView.swift */; };
		C9001E372B264DE90077A953 /* Assets.xcassets in Resources */ = {isa = PBXBuildFile; fileRef = C9001E362B264DE90077A953 /* Assets.xcassets */; };
		C90EE1832B288EF600CE79D7 /* UploadPostView.swift in Sources */ = {isa = PBXBuildFile; fileRef = C90EE1822B288EF500CE79D7 /* UploadPostView.swift */; };
		C90EE1872B2894FE00CE79D7 /* UploadPostViewModel.swift in Sources */ = {isa = PBXBuildFile; fileRef = C90EE1862B2894FE00CE79D7 /* UploadPostViewModel.swift */; };
		C94479E52B25FB9000A74C49 /* InstagramApp.swift in Sources */ = {isa = PBXBuildFile; fileRef = C94479E42B25FB9000A74C49 /* InstagramApp.swift */; };
		C94479E72B25FB9000A74C49 /* ContentView.swift in Sources */ = {isa = PBXBuildFile; fileRef = C94479E62B25FB9000A74C49 /* ContentView.swift */; };
		C94479EC2B25FB9200A74C49 /* Preview Assets.xcassets in Resources */ = {isa = PBXBuildFile; fileRef = C94479EB2B25FB9200A74C49 /* Preview Assets.xcassets */; };
		C94479FF2B25FE4200A74C49 /* MainTabView.swift in Sources */ = {isa = PBXBuildFile; fileRef = C94479FE2B25FE4200A74C49 /* MainTabView.swift */; };
		C96F57342B26031100B7C5F4 /* ProfileView.swift in Sources */ = {isa = PBXBuildFile; fileRef = C96F57332B26031100B7C5F4 /* ProfileView.swift */; };
		C96F57372B260B9900B7C5F4 /* ComponentsView.swift in Sources */ = {isa = PBXBuildFile; fileRef = C96F57362B260B9900B7C5F4 /* ComponentsView.swift */; };
		C96F57392B2615CA00B7C5F4 /* FeedView.swift in Sources */ = {isa = PBXBuildFile; fileRef = C96F57382B2615C900B7C5F4 /* FeedView.swift */; };
		C96F573B2B2615E000B7C5F4 /* FeedCell.swift in Sources */ = {isa = PBXBuildFile; fileRef = C96F573A2B2615E000B7C5F4 /* FeedCell.swift */; };
		C98800002B2A279500228C5E /* ImageUploader.swift in Sources */ = {isa = PBXBuildFile; fileRef = C988FFFF2B2A279500228C5E /* ImageUploader.swift */; };
		C98800032B2A2FE300228C5E /* Kingfisher in Frameworks */ = {isa = PBXBuildFile; productRef = C98800022B2A2FE300228C5E /* Kingfisher */; };
		C98800052B2A303800228C5E /* CircularImageProfileView.swift in Sources */ = {isa = PBXBuildFile; fileRef = C98800042B2A303800228C5E /* CircularImageProfileView.swift */; };
		C9884BE82B27520D00AC9CEE /* AddEmailView.swift in Sources */ = {isa = PBXBuildFile; fileRef = C9884BE72B27520D00AC9CEE /* AddEmailView.swift */; };
		C9884BEA2B2752D500AC9CEE /* IGTextfieldModifire.swift in Sources */ = {isa = PBXBuildFile; fileRef = C9884BE92B2752D500AC9CEE /* IGTextfieldModifire.swift */; };
		C9884BEC2B27587D00AC9CEE /* UsernameView.swift in Sources */ = {isa = PBXBuildFile; fileRef = C9884BEB2B27587D00AC9CEE /* UsernameView.swift */; };
		C9884BEE2B275AF100AC9CEE /* PasswordView.swift in Sources */ = {isa = PBXBuildFile; fileRef = C9884BED2B275AF100AC9CEE /* PasswordView.swift */; };
		C9884BF02B275D7700AC9CEE /* CompleteSignupView.swift in Sources */ = {isa = PBXBuildFile; fileRef = C9884BEF2B275D7700AC9CEE /* CompleteSignupView.swift */; };
		C9884BF22B27676900AC9CEE /* User.swift in Sources */ = {isa = PBXBuildFile; fileRef = C9884BF12B27676900AC9CEE /* User.swift */; };
		C9884BF42B2770A000AC9CEE /* CurrentUserProfileView.swift in Sources */ = {isa = PBXBuildFile; fileRef = C9884BF32B2770A000AC9CEE /* CurrentUserProfileView.swift */; };
		C9884BF62B278B9D00AC9CEE /* Post.swift in Sources */ = {isa = PBXBuildFile; fileRef = C9884BF52B278B9D00AC9CEE /* Post.swift */; };
		C9884BF82B2796A100AC9CEE /* PostGridView.swift in Sources */ = {isa = PBXBuildFile; fileRef = C9884BF72B2796A100AC9CEE /* PostGridView.swift */; };
		C9884BFA2B27997000AC9CEE /* ProfileHeaderView.swift in Sources */ = {isa = PBXBuildFile; fileRef = C9884BF92B27997000AC9CEE /* ProfileHeaderView.swift */; };
		C988FFF42B29EFBC00228C5E /* UserService.swift in Sources */ = {isa = PBXBuildFile; fileRef = C988FFF32B29EFBC00228C5E /* UserService.swift */; };
		C988FFF82B29F1FE00228C5E /* SearchViewModel.swift in Sources */ = {isa = PBXBuildFile; fileRef = C988FFF72B29F1FE00228C5E /* SearchViewModel.swift */; };
		C988FFFA2B2A00BC00228C5E /* EditProfleView.swift in Sources */ = {isa = PBXBuildFile; fileRef = C988FFF92B2A00BC00228C5E /* EditProfleView.swift */; };
		C988FFFE2B2A07AE00228C5E /* EditProfileViewModel.swift in Sources */ = {isa = PBXBuildFile; fileRef = C988FFFD2B2A07AE00228C5E /* EditProfileViewModel.swift */; };
		C990DE232B3092B9000AED07 /* UserListConfig.swift in Sources */ = {isa = PBXBuildFile; fileRef = C990DE222B3092B9000AED07 /* UserListConfig.swift */; };
		C990DE252B309BB9000AED07 /* UserListView.swift in Sources */ = {isa = PBXBuildFile; fileRef = C990DE242B309BB9000AED07 /* UserListView.swift */; };
		C990DE272B309C08000AED07 /* UserListViewModel.swift in Sources */ = {isa = PBXBuildFile; fileRef = C990DE262B309C08000AED07 /* UserListViewModel.swift */; };
		C9B062A22B2C9ED500D909EB /* FeedViewModel.swift in Sources */ = {isa = PBXBuildFile; fileRef = C9B062A12B2C9ED500D909EB /* FeedViewModel.swift */; };
		C9B062A42B2CA5BC00D909EB /* PostService.swift in Sources */ = {isa = PBXBuildFile; fileRef = C9B062A32B2CA5BC00D909EB /* PostService.swift */; };
		C9B062A82B2CA99F00D909EB /* PostGrindViewModel.swift in Sources */ = {isa = PBXBuildFile; fileRef = C9B062A72B2CA99F00D909EB /* PostGrindViewModel.swift */; };
		C9B062AA2B2CB2F000D909EB /* FeedCellViewModel.swift in Sources */ = {isa = PBXBuildFile; fileRef = C9B062A92B2CB2F000D909EB /* FeedCellViewModel.swift */; };
		C9B062B22B2CE1CA00D909EB /* CommentsView.swift in Sources */ = {isa = PBXBuildFile; fileRef = C9B062B12B2CE1CA00D909EB /* CommentsView.swift */; };
		C9B062B42B2CE1E100D909EB /* CommentCellView.swift in Sources */ = {isa = PBXBuildFile; fileRef = C9B062B32B2CE1E100D909EB /* CommentCellView.swift */; };
		C9CCD60C2B2DD2CF0052CC6F /* CommentModel.swift in Sources */ = {isa = PBXBuildFile; fileRef = C9CCD60B2B2DD2CF0052CC6F /* CommentModel.swift */; };
		C9CCD60E2B2DD5D10052CC6F /* CommentService.swift in Sources */ = {isa = PBXBuildFile; fileRef = C9CCD60D2B2DD5D10052CC6F /* CommentService.swift */; };
		C9CCD6102B2DD5E40052CC6F /* CommentsViewModel.swift in Sources */ = {isa = PBXBuildFile; fileRef = C9CCD60F2B2DD5E40052CC6F /* CommentsViewModel.swift */; };
		C9CCD6122B2E01FD0052CC6F /* Timestamp.swift in Sources */ = {isa = PBXBuildFile; fileRef = C9CCD6112B2E01FD0052CC6F /* Timestamp.swift */; };
		C9E7B8F42B2F3FD0008778F0 /* ProfileViewModel.swift in Sources */ = {isa = PBXBuildFile; fileRef = C9E7B8F32B2F3FD0008778F0 /* ProfileViewModel.swift */; };
		C9E7B8F72B2F4961008778F0 /* Constants.swift in Sources */ = {isa = PBXBuildFile; fileRef = C9E7B8F62B2F4961008778F0 /* Constants.swift */; };
		C9ECE66F2B28A75000DECBC1 /* GoogleService-Info.plist in Resources */ = {isa = PBXBuildFile; fileRef = C9ECE66E2B28A75000DECBC1 /* GoogleService-Info.plist */; };
		C9ECE6722B28A92500DECBC1 /* FirebaseAuth in Frameworks */ = {isa = PBXBuildFile; productRef = C9ECE6712B28A92500DECBC1 /* FirebaseAuth */; };
		C9ECE6742B28A92500DECBC1 /* FirebaseFirestore in Frameworks */ = {isa = PBXBuildFile; productRef = C9ECE6732B28A92500DECBC1 /* FirebaseFirestore */; };
		C9ECE6762B28A92500DECBC1 /* FirebaseFirestoreSwift in Frameworks */ = {isa = PBXBuildFile; productRef = C9ECE6752B28A92500DECBC1 /* FirebaseFirestoreSwift */; };
		C9ECE6782B28A92500DECBC1 /* FirebaseStorage in Frameworks */ = {isa = PBXBuildFile; productRef = C9ECE6772B28A92500DECBC1 /* FirebaseStorage */; };
		C9ECE67C2B28B10C00DECBC1 /* AuthService.swift in Sources */ = {isa = PBXBuildFile; fileRef = C9ECE67B2B28B10C00DECBC1 /* AuthService.swift */; };
		C9ECE6832B28B55500DECBC1 /* ContentViewModel.swift in Sources */ = {isa = PBXBuildFile; fileRef = C9ECE6822B28B55500DECBC1 /* ContentViewModel.swift */; };
		C9ECE6852B28CB8100DECBC1 /* RegistrationViewModel.swift in Sources */ = {isa = PBXBuildFile; fileRef = C9ECE6842B28CB8100DECBC1 /* RegistrationViewModel.swift */; };
		C9ECE6872B28DB9A00DECBC1 /* LoginViewModel.swift in Sources */ = {isa = PBXBuildFile; fileRef = C9ECE6862B28DB9A00DECBC1 /* LoginViewModel.swift */; };
/* End PBXBuildFile section */

/* Begin PBXFileReference section */
		C9001E322B2643710077A953 /* SearchView.swift */ = {isa = PBXFileReference; lastKnownFileType = sourcecode.swift; path = SearchView.swift; sourceTree = "<group>"; };
		C9001E342B2648750077A953 /* LoginView.swift */ = {isa = PBXFileReference; lastKnownFileType = sourcecode.swift; path = LoginView.swift; sourceTree = "<group>"; };
		C9001E362B264DE90077A953 /* Assets.xcassets */ = {isa = PBXFileReference; lastKnownFileType = folder.assetcatalog; path = Assets.xcassets; sourceTree = "<group>"; };
		C90EE1822B288EF500CE79D7 /* UploadPostView.swift */ = {isa = PBXFileReference; lastKnownFileType = sourcecode.swift; path = UploadPostView.swift; sourceTree = "<group>"; };
		C90EE1862B2894FE00CE79D7 /* UploadPostViewModel.swift */ = {isa = PBXFileReference; lastKnownFileType = sourcecode.swift; path = UploadPostViewModel.swift; sourceTree = "<group>"; };
		C94479E12B25FB9000A74C49 /* Instagram.app */ = {isa = PBXFileReference; explicitFileType = wrapper.application; includeInIndex = 0; path = Instagram.app; sourceTree = BUILT_PRODUCTS_DIR; };
		C94479E42B25FB9000A74C49 /* InstagramApp.swift */ = {isa = PBXFileReference; lastKnownFileType = sourcecode.swift; path = InstagramApp.swift; sourceTree = "<group>"; };
		C94479E62B25FB9000A74C49 /* ContentView.swift */ = {isa = PBXFileReference; lastKnownFileType = sourcecode.swift; path = ContentView.swift; sourceTree = "<group>"; };
		C94479EB2B25FB9200A74C49 /* Preview Assets.xcassets */ = {isa = PBXFileReference; lastKnownFileType = folder.assetcatalog; path = "Preview Assets.xcassets"; sourceTree = "<group>"; };
		C94479FE2B25FE4200A74C49 /* MainTabView.swift */ = {isa = PBXFileReference; lastKnownFileType = sourcecode.swift; path = MainTabView.swift; sourceTree = "<group>"; };
		C96F57332B26031100B7C5F4 /* ProfileView.swift */ = {isa = PBXFileReference; lastKnownFileType = sourcecode.swift; path = ProfileView.swift; sourceTree = "<group>"; };
		C96F57362B260B9900B7C5F4 /* ComponentsView.swift */ = {isa = PBXFileReference; lastKnownFileType = sourcecode.swift; path = ComponentsView.swift; sourceTree = "<group>"; };
		C96F57382B2615C900B7C5F4 /* FeedView.swift */ = {isa = PBXFileReference; lastKnownFileType = sourcecode.swift; path = FeedView.swift; sourceTree = "<group>"; };
		C96F573A2B2615E000B7C5F4 /* FeedCell.swift */ = {isa = PBXFileReference; lastKnownFileType = sourcecode.swift; path = FeedCell.swift; sourceTree = "<group>"; };
		C98800042B2A303800228C5E /* CircularImageProfileView.swift */ = {isa = PBXFileReference; lastKnownFileType = sourcecode.swift; path = CircularImageProfileView.swift; sourceTree = "<group>"; };
		C9884BE72B27520D00AC9CEE /* AddEmailView.swift */ = {isa = PBXFileReference; lastKnownFileType = sourcecode.swift; path = AddEmailView.swift; sourceTree = "<group>"; };
		C9884BE92B2752D500AC9CEE /* IGTextfieldModifire.swift */ = {isa = PBXFileReference; lastKnownFileType = sourcecode.swift; path = IGTextfieldModifire.swift; sourceTree = "<group>"; };
		C9884BEB2B27587D00AC9CEE /* UsernameView.swift */ = {isa = PBXFileReference; lastKnownFileType = sourcecode.swift; path = UsernameView.swift; sourceTree = "<group>"; };
		C9884BED2B275AF100AC9CEE /* PasswordView.swift */ = {isa = PBXFileReference; lastKnownFileType = sourcecode.swift; path = PasswordView.swift; sourceTree = "<group>"; };
		C9884BEF2B275D7700AC9CEE /* CompleteSignupView.swift */ = {isa = PBXFileReference; lastKnownFileType = sourcecode.swift; path = CompleteSignupView.swift; sourceTree = "<group>"; };
		C9884BF12B27676900AC9CEE /* User.swift */ = {isa = PBXFileReference; lastKnownFileType = sourcecode.swift; path = User.swift; sourceTree = "<group>"; };
		C9884BF32B2770A000AC9CEE /* CurrentUserProfileView.swift */ = {isa = PBXFileReference; lastKnownFileType = sourcecode.swift; path = CurrentUserProfileView.swift; sourceTree = "<group>"; };
		C9884BF52B278B9D00AC9CEE /* Post.swift */ = {isa = PBXFileReference; lastKnownFileType = sourcecode.swift; path = Post.swift; sourceTree = "<group>"; };
		C9884BF72B2796A100AC9CEE /* PostGridView.swift */ = {isa = PBXFileReference; lastKnownFileType = sourcecode.swift; path = PostGridView.swift; sourceTree = "<group>"; };
		C9884BF92B27997000AC9CEE /* ProfileHeaderView.swift */ = {isa = PBXFileReference; lastKnownFileType = sourcecode.swift; path = ProfileHeaderView.swift; sourceTree = "<group>"; };
		C988FFF32B29EFBC00228C5E /* UserService.swift */ = {isa = PBXFileReference; lastKnownFileType = sourcecode.swift; path = UserService.swift; sourceTree = "<group>"; };
		C988FFF72B29F1FE00228C5E /* SearchViewModel.swift */ = {isa = PBXFileReference; lastKnownFileType = sourcecode.swift; path = SearchViewModel.swift; sourceTree = "<group>"; };
		C988FFF92B2A00BC00228C5E /* EditProfleView.swift */ = {isa = PBXFileReference; lastKnownFileType = sourcecode.swift; path = EditProfleView.swift; sourceTree = "<group>"; };
		C988FFFD2B2A07AE00228C5E /* EditProfileViewModel.swift */ = {isa = PBXFileReference; lastKnownFileType = sourcecode.swift; path = EditProfileViewModel.swift; sourceTree = "<group>"; };
		C988FFFF2B2A279500228C5E /* ImageUploader.swift */ = {isa = PBXFileReference; lastKnownFileType = sourcecode.swift; path = ImageUploader.swift; sourceTree = "<group>"; };
		C990DE222B3092B9000AED07 /* UserListConfig.swift */ = {isa = PBXFileReference; lastKnownFileType = sourcecode.swift; path = UserListConfig.swift; sourceTree = "<group>"; };
		C990DE242B309BB9000AED07 /* UserListView.swift */ = {isa = PBXFileReference; lastKnownFileType = sourcecode.swift; path = UserListView.swift; sourceTree = "<group>"; };
		C990DE262B309C08000AED07 /* UserListViewModel.swift */ = {isa = PBXFileReference; lastKnownFileType = sourcecode.swift; path = UserListViewModel.swift; sourceTree = "<group>"; };
		C9B062A12B2C9ED500D909EB /* FeedViewModel.swift */ = {isa = PBXFileReference; lastKnownFileType = sourcecode.swift; path = FeedViewModel.swift; sourceTree = "<group>"; };
		C9B062A32B2CA5BC00D909EB /* PostService.swift */ = {isa = PBXFileReference; lastKnownFileType = sourcecode.swift; path = PostService.swift; sourceTree = "<group>"; };
		C9B062A72B2CA99F00D909EB /* PostGrindViewModel.swift */ = {isa = PBXFileReference; lastKnownFileType = sourcecode.swift; path = PostGrindViewModel.swift; sourceTree = "<group>"; };
		C9B062A92B2CB2F000D909EB /* FeedCellViewModel.swift */ = {isa = PBXFileReference; lastKnownFileType = sourcecode.swift; path = FeedCellViewModel.swift; sourceTree = "<group>"; };
		C9B062B12B2CE1CA00D909EB /* CommentsView.swift */ = {isa = PBXFileReference; lastKnownFileType = sourcecode.swift; path = CommentsView.swift; sourceTree = "<group>"; };
		C9B062B32B2CE1E100D909EB /* CommentCellView.swift */ = {isa = PBXFileReference; lastKnownFileType = sourcecode.swift; path = CommentCellView.swift; sourceTree = "<group>"; };
		C9CCD60B2B2DD2CF0052CC6F /* CommentModel.swift */ = {isa = PBXFileReference; lastKnownFileType = sourcecode.swift; path = CommentModel.swift; sourceTree = "<group>"; };
		C9CCD60D2B2DD5D10052CC6F /* CommentService.swift */ = {isa = PBXFileReference; lastKnownFileType = sourcecode.swift; path = CommentService.swift; sourceTree = "<group>"; };
		C9CCD60F2B2DD5E40052CC6F /* CommentsViewModel.swift */ = {isa = PBXFileReference; lastKnownFileType = sourcecode.swift; path = CommentsViewModel.swift; sourceTree = "<group>"; };
		C9CCD6112B2E01FD0052CC6F /* Timestamp.swift */ = {isa = PBXFileReference; lastKnownFileType = sourcecode.swift; path = Timestamp.swift; sourceTree = "<group>"; };
		C9E7B8F32B2F3FD0008778F0 /* ProfileViewModel.swift */ = {isa = PBXFileReference; lastKnownFileType = sourcecode.swift; path = ProfileViewModel.swift; sourceTree = "<group>"; };
		C9E7B8F62B2F4961008778F0 /* Constants.swift */ = {isa = PBXFileReference; lastKnownFileType = sourcecode.swift; path = Constants.swift; sourceTree = "<group>"; };
		C9ECE66E2B28A75000DECBC1 /* GoogleService-Info.plist */ = {isa = PBXFileReference; fileEncoding = 4; lastKnownFileType = text.plist.xml; path = "GoogleService-Info.plist"; sourceTree = "<group>"; };
		C9ECE67B2B28B10C00DECBC1 /* AuthService.swift */ = {isa = PBXFileReference; lastKnownFileType = sourcecode.swift; path = AuthService.swift; sourceTree = "<group>"; };
		C9ECE6822B28B55500DECBC1 /* ContentViewModel.swift */ = {isa = PBXFileReference; lastKnownFileType = sourcecode.swift; path = ContentViewModel.swift; sourceTree = "<group>"; };
		C9ECE6842B28CB8100DECBC1 /* RegistrationViewModel.swift */ = {isa = PBXFileReference; lastKnownFileType = sourcecode.swift; path = RegistrationViewModel.swift; sourceTree = "<group>"; };
		C9ECE6862B28DB9A00DECBC1 /* LoginViewModel.swift */ = {isa = PBXFileReference; lastKnownFileType = sourcecode.swift; path = LoginViewModel.swift; sourceTree = "<group>"; };
/* End PBXFileReference section */

/* Begin PBXFrameworksBuildPhase section */
		C94479DE2B25FB9000A74C49 /* Frameworks */ = {
			isa = PBXFrameworksBuildPhase;
			buildActionMask = 2147483647;
			files = (
				C9ECE6722B28A92500DECBC1 /* FirebaseAuth in Frameworks */,
				C9ECE6782B28A92500DECBC1 /* FirebaseStorage in Frameworks */,
				C9ECE6742B28A92500DECBC1 /* FirebaseFirestore in Frameworks */,
				C9ECE6762B28A92500DECBC1 /* FirebaseFirestoreSwift in Frameworks */,
				C98800032B2A2FE300228C5E /* Kingfisher in Frameworks */,
			);
			runOnlyForDeploymentPostprocessing = 0;
		};
/* End PBXFrameworksBuildPhase section */

/* Begin PBXGroup section */
		C94479D82B25FB9000A74C49 = {
			isa = PBXGroup;
			children = (
				C9001E362B264DE90077A953 /* Assets.xcassets */,
				C94479E32B25FB9000A74C49 /* Instagram */,
				C94479E22B25FB9000A74C49 /* Products */,
			);
			sourceTree = "<group>";
		};
		C94479E22B25FB9000A74C49 /* Products */ = {
			isa = PBXGroup;
			children = (
				C94479E12B25FB9000A74C49 /* Instagram.app */,
			);
			name = Products;
			sourceTree = "<group>";
		};
		C94479E32B25FB9000A74C49 /* Instagram */ = {
			isa = PBXGroup;
			children = (
				C94479F62B25FBE400A74C49 /* App */,
				C94479F52B25FBE200A74C49 /* Core */,
				C94479F42B25FBE000A74C49 /* Extention */,
				C94479F32B25FBDD00A74C49 /* Model */,
				C94479F22B25FBDB00A74C49 /* Services */,
				C9E7B8F52B2F4929008778F0 /* Utils */,
				C9ECE66E2B28A75000DECBC1 /* GoogleService-Info.plist */,
				C94479EA2B25FB9200A74C49 /* Preview Content */,
			);
			path = Instagram;
			sourceTree = "<group>";
		};
		C94479EA2B25FB9200A74C49 /* Preview Content */ = {
			isa = PBXGroup;
			children = (
				C94479EB2B25FB9200A74C49 /* Preview Assets.xcassets */,
			);
			path = "Preview Content";
			sourceTree = "<group>";
		};
		C94479F22B25FBDB00A74C49 /* Services */ = {
			isa = PBXGroup;
			children = (
				C988FFF32B29EFBC00228C5E /* UserService.swift */,
				C988FFFF2B2A279500228C5E /* ImageUploader.swift */,
				C9B062A32B2CA5BC00D909EB /* PostService.swift */,
			);
			path = Services;
			sourceTree = "<group>";
		};
		C94479F32B25FBDD00A74C49 /* Model */ = {
			isa = PBXGroup;
			children = (
				C9884BF12B27676900AC9CEE /* User.swift */,
				C9884BF52B278B9D00AC9CEE /* Post.swift */,
				C990DE222B3092B9000AED07 /* UserListConfig.swift */,
			);
			path = Model;
			sourceTree = "<group>";
		};
		C94479F42B25FBE000A74C49 /* Extention */ = {
			isa = PBXGroup;
			children = (
				C9CCD6112B2E01FD0052CC6F /* Timestamp.swift */,
			);
			path = Extention;
			sourceTree = "<group>";
		};
		C94479F52B25FBE200A74C49 /* Core */ = {
			isa = PBXGroup;
			children = (
				C94479F72B25FC3C00A74C49 /* Authintication */,
				C9B062AB2B2CE16400D909EB /* Comments */,
				C96F57352B260B7F00B7C5F4 /* Components */,
				C94479F82B25FC5E00A74C49 /* Feed */,
				C94479F92B25FC6F00A74C49 /* Profile */,
				C94479FA2B25FC7F00A74C49 /* Root */,
				C94479FB2B25FC8400A74C49 /* Search */,
				C94479FC2B25FCCA00A74C49 /* TabBar */,
				C94479FD2B25FCD100A74C49 /* UploadPost */,
			);
			path = Core;
			sourceTree = "<group>";
		};
		C94479F62B25FBE400A74C49 /* App */ = {
			isa = PBXGroup;
			children = (
				C94479E42B25FB9000A74C49 /* InstagramApp.swift */,
			);
			path = App;
			sourceTree = "<group>";
		};
		C94479F72B25FC3C00A74C49 /* Authintication */ = {
			isa = PBXGroup;
			children = (
				C9ECE6792B28B09300DECBC1 /* View */,
				C9ECE67E2B28B3C800DECBC1 /* ViewModel */,
				C9ECE67A2B28B0FC00DECBC1 /* Service */,
			);
			path = Authintication;
			sourceTree = "<group>";
		};
		C94479F82B25FC5E00A74C49 /* Feed */ = {
			isa = PBXGroup;
			children = (
				C99B89E42B2C89A0001B132B /* FeedView */,
				C99B89E32B2C898E001B132B /* FeedViewModel */,
			);
			path = Feed;
			sourceTree = "<group>";
		};
		C94479F92B25FC6F00A74C49 /* Profile */ = {
			isa = PBXGroup;
			children = (
				C988FFFB2B2A075500228C5E /* View */,
				C988FFFC2B2A077100228C5E /* ViewModel */,
			);
			path = Profile;
			sourceTree = "<group>";
		};
		C94479FA2B25FC7F00A74C49 /* Root */ = {
			isa = PBXGroup;
			children = (
				C9ECE67F2B28B50800DECBC1 /* View */,
				C9ECE6812B28B51C00DECBC1 /* ViewModel */,
			);
			path = Root;
			sourceTree = "<group>";
		};
		C94479FB2B25FC8400A74C49 /* Search */ = {
			isa = PBXGroup;
			children = (
				C988FFF52B29F0EE00228C5E /* View */,
				C988FFF62B29F0F400228C5E /* ViewModel */,
			);
			path = Search;
			sourceTree = "<group>";
		};
		C94479FC2B25FCCA00A74C49 /* TabBar */ = {
			isa = PBXGroup;
			children = (
				C94479FE2B25FE4200A74C49 /* MainTabView.swift */,
			);
			path = TabBar;
			sourceTree = "<group>";
		};
		C94479FD2B25FCD100A74C49 /* UploadPost */ = {
			isa = PBXGroup;
			children = (
				C99B89E12B2C2723001B132B /* View */,
				C99B89E22B2C2731001B132B /* ViewModel */,
			);
			path = UploadPost;
			sourceTree = "<group>";
		};
		C96F57352B260B7F00B7C5F4 /* Components */ = {
			isa = PBXGroup;
			children = (
				C9B062A62B2CA94000D909EB /* View */,
				C9B062A52B2CA93A00D909EB /* ViewModel */,
			);
			path = Components;
			sourceTree = "<group>";
		};
		C988FFF52B29F0EE00228C5E /* View */ = {
			isa = PBXGroup;
			children = (
				C9001E322B2643710077A953 /* SearchView.swift */,
			);
			path = View;
			sourceTree = "<group>";
		};
		C988FFF62B29F0F400228C5E /* ViewModel */ = {
			isa = PBXGroup;
			children = (
				C988FFF72B29F1FE00228C5E /* SearchViewModel.swift */,
			);
			path = ViewModel;
			sourceTree = "<group>";
		};
		C988FFFB2B2A075500228C5E /* View */ = {
			isa = PBXGroup;
			children = (
				C96F57332B26031100B7C5F4 /* ProfileView.swift */,
				C9884BF32B2770A000AC9CEE /* CurrentUserProfileView.swift */,
				C9884BF92B27997000AC9CEE /* ProfileHeaderView.swift */,
				C988FFF92B2A00BC00228C5E /* EditProfleView.swift */,
			);
			path = View;
			sourceTree = "<group>";
		};
		C988FFFC2B2A077100228C5E /* ViewModel */ = {
			isa = PBXGroup;
			children = (
				C988FFFD2B2A07AE00228C5E /* EditProfileViewModel.swift */,
				C9E7B8F32B2F3FD0008778F0 /* ProfileViewModel.swift */,
			);
			path = ViewModel;
			sourceTree = "<group>";
		};
		C99B89E12B2C2723001B132B /* View */ = {
			isa = PBXGroup;
			children = (
				C90EE1822B288EF500CE79D7 /* UploadPostView.swift */,
			);
			path = View;
			sourceTree = "<group>";
		};
		C99B89E22B2C2731001B132B /* ViewModel */ = {
			isa = PBXGroup;
			children = (
				C90EE1862B2894FE00CE79D7 /* UploadPostViewModel.swift */,
			);
			path = ViewModel;
			sourceTree = "<group>";
		};
		C99B89E32B2C898E001B132B /* FeedViewModel */ = {
			isa = PBXGroup;
			children = (
				C9B062A12B2C9ED500D909EB /* FeedViewModel.swift */,
				C9B062A92B2CB2F000D909EB /* FeedCellViewModel.swift */,
			);
			path = FeedViewModel;
			sourceTree = "<group>";
		};
		C99B89E42B2C89A0001B132B /* FeedView */ = {
			isa = PBXGroup;
			children = (
				C96F57382B2615C900B7C5F4 /* FeedView.swift */,
				C96F573A2B2615E000B7C5F4 /* FeedCell.swift */,
			);
			path = FeedView;
			sourceTree = "<group>";
		};
		C9B062A52B2CA93A00D909EB /* ViewModel */ = {
			isa = PBXGroup;
			children = (
				C9B062A72B2CA99F00D909EB /* PostGrindViewModel.swift */,
				C990DE262B309C08000AED07 /* UserListViewModel.swift */,
			);
			path = ViewModel;
			sourceTree = "<group>";
		};
		C9B062A62B2CA94000D909EB /* View */ = {
			isa = PBXGroup;
			children = (
				C96F57362B260B9900B7C5F4 /* ComponentsView.swift */,
				C9884BE92B2752D500AC9CEE /* IGTextfieldModifire.swift */,
				C9884BF72B2796A100AC9CEE /* PostGridView.swift */,
				C98800042B2A303800228C5E /* CircularImageProfileView.swift */,
				C990DE242B309BB9000AED07 /* UserListView.swift */,
			);
			path = View;
			sourceTree = "<group>";
		};
		C9B062AB2B2CE16400D909EB /* Comments */ = {
			isa = PBXGroup;
			children = (
				C9B062B02B2CE18500D909EB /* Model */,
				C9B062AF2B2CE18300D909EB /* View */,
				C9B062AE2B2CE18100D909EB /* ViewModel */,
				C9B062AD2B2CE17E00D909EB /* Service */,
			);
			path = Comments;
			sourceTree = "<group>";
		};
		C9B062AD2B2CE17E00D909EB /* Service */ = {
			isa = PBXGroup;
			children = (
				C9CCD60D2B2DD5D10052CC6F /* CommentService.swift */,
			);
			path = Service;
			sourceTree = "<group>";
		};
		C9B062AE2B2CE18100D909EB /* ViewModel */ = {
			isa = PBXGroup;
			children = (
				C9CCD60F2B2DD5E40052CC6F /* CommentsViewModel.swift */,
			);
			path = ViewModel;
			sourceTree = "<group>";
		};
		C9B062AF2B2CE18300D909EB /* View */ = {
			isa = PBXGroup;
			children = (
				C9B062B12B2CE1CA00D909EB /* CommentsView.swift */,
				C9B062B32B2CE1E100D909EB /* CommentCellView.swift */,
			);
			path = View;
			sourceTree = "<group>";
		};
		C9B062B02B2CE18500D909EB /* Model */ = {
			isa = PBXGroup;
			children = (
				C9CCD60B2B2DD2CF0052CC6F /* CommentModel.swift */,
			);
			path = Model;
			sourceTree = "<group>";
		};
		C9E7B8F52B2F4929008778F0 /* Utils */ = {
			isa = PBXGroup;
			children = (
				C9E7B8F62B2F4961008778F0 /* Constants.swift */,
			);
			path = Utils;
			sourceTree = "<group>";
		};
		C9ECE6792B28B09300DECBC1 /* View */ = {
			isa = PBXGroup;
			children = (
				C9001E342B2648750077A953 /* LoginView.swift */,
				C9884BE72B27520D00AC9CEE /* AddEmailView.swift */,
				C9884BEB2B27587D00AC9CEE /* UsernameView.swift */,
				C9884BED2B275AF100AC9CEE /* PasswordView.swift */,
				C9884BEF2B275D7700AC9CEE /* CompleteSignupView.swift */,
			);
			path = View;
			sourceTree = "<group>";
		};
		C9ECE67A2B28B0FC00DECBC1 /* Service */ = {
			isa = PBXGroup;
			children = (
				C9ECE67B2B28B10C00DECBC1 /* AuthService.swift */,
			);
			path = Service;
			sourceTree = "<group>";
		};
		C9ECE67E2B28B3C800DECBC1 /* ViewModel */ = {
			isa = PBXGroup;
			children = (
				C9ECE6842B28CB8100DECBC1 /* RegistrationViewModel.swift */,
				C9ECE6862B28DB9A00DECBC1 /* LoginViewModel.swift */,
			);
			path = ViewModel;
			sourceTree = "<group>";
		};
		C9ECE67F2B28B50800DECBC1 /* View */ = {
			isa = PBXGroup;
			children = (
				C94479E62B25FB9000A74C49 /* ContentView.swift */,
			);
			path = View;
			sourceTree = "<group>";
		};
		C9ECE6812B28B51C00DECBC1 /* ViewModel */ = {
			isa = PBXGroup;
			children = (
				C9ECE6822B28B55500DECBC1 /* ContentViewModel.swift */,
			);
			path = ViewModel;
			sourceTree = "<group>";
		};
/* End PBXGroup section */

/* Begin PBXNativeTarget section */
		C94479E02B25FB9000A74C49 /* Instagram */ = {
			isa = PBXNativeTarget;
			buildConfigurationList = C94479EF2B25FB9200A74C49 /* Build configuration list for PBXNativeTarget "Instagram" */;
			buildPhases = (
				C94479DD2B25FB9000A74C49 /* Sources */,
				C94479DE2B25FB9000A74C49 /* Frameworks */,
				C94479DF2B25FB9000A74C49 /* Resources */,
			);
			buildRules = (
			);
			dependencies = (
			);
			name = Instagram;
			packageProductDependencies = (
				C9ECE6712B28A92500DECBC1 /* FirebaseAuth */,
				C9ECE6732B28A92500DECBC1 /* FirebaseFirestore */,
				C9ECE6752B28A92500DECBC1 /* FirebaseFirestoreSwift */,
				C9ECE6772B28A92500DECBC1 /* FirebaseStorage */,
				C98800022B2A2FE300228C5E /* Kingfisher */,
			);
			productName = Instagram;
			productReference = C94479E12B25FB9000A74C49 /* Instagram.app */;
			productType = "com.apple.product-type.application";
		};
/* End PBXNativeTarget section */

/* Begin PBXProject section */
		C94479D92B25FB9000A74C49 /* Project object */ = {
			isa = PBXProject;
			attributes = {
				BuildIndependentTargetsInParallel = 1;
				LastSwiftUpdateCheck = 1420;
				LastUpgradeCheck = 1420;
				TargetAttributes = {
					C94479E02B25FB9000A74C49 = {
						CreatedOnToolsVersion = 14.2;
					};
				};
			};
			buildConfigurationList = C94479DC2B25FB9000A74C49 /* Build configuration list for PBXProject "Instagram" */;
			compatibilityVersion = "Xcode 14.0";
			developmentRegion = en;
			hasScannedForEncodings = 0;
			knownRegions = (
				en,
				Base,
			);
			mainGroup = C94479D82B25FB9000A74C49;
			packageReferences = (
				C9ECE6702B28A92500DECBC1 /* XCRemoteSwiftPackageReference "firebase-ios-sdk" */,
				C98800012B2A2FE300228C5E /* XCRemoteSwiftPackageReference "Kingfisher" */,
			);
			productRefGroup = C94479E22B25FB9000A74C49 /* Products */;
			projectDirPath = "";
			projectRoot = "";
			targets = (
				C94479E02B25FB9000A74C49 /* Instagram */,
			);
		};
/* End PBXProject section */

/* Begin PBXResourcesBuildPhase section */
		C94479DF2B25FB9000A74C49 /* Resources */ = {
			isa = PBXResourcesBuildPhase;
			buildActionMask = 2147483647;
			files = (
				C9001E372B264DE90077A953 /* Assets.xcassets in Resources */,
				C94479EC2B25FB9200A74C49 /* Preview Assets.xcassets in Resources */,
				C9ECE66F2B28A75000DECBC1 /* GoogleService-Info.plist in Resources */,
			);
			runOnlyForDeploymentPostprocessing = 0;
		};
/* End PBXResourcesBuildPhase section */

/* Begin PBXSourcesBuildPhase section */
		C94479DD2B25FB9000A74C49 /* Sources */ = {
			isa = PBXSourcesBuildPhase;
			buildActionMask = 2147483647;
			files = (
				C9CCD6122B2E01FD0052CC6F /* Timestamp.swift in Sources */,
				C990DE252B309BB9000AED07 /* UserListView.swift in Sources */,
				C9884BEC2B27587D00AC9CEE /* UsernameView.swift in Sources */,
				C90EE1832B288EF600CE79D7 /* UploadPostView.swift in Sources */,
				C9B062B22B2CE1CA00D909EB /* CommentsView.swift in Sources */,
				C96F573B2B2615E000B7C5F4 /* FeedCell.swift in Sources */,
				C96F57372B260B9900B7C5F4 /* ComponentsView.swift in Sources */,
				C9E7B8F42B2F3FD0008778F0 /* ProfileViewModel.swift in Sources */,
				C98800052B2A303800228C5E /* CircularImageProfileView.swift in Sources */,
				C9E7B8F72B2F4961008778F0 /* Constants.swift in Sources */,
				C96F57342B26031100B7C5F4 /* ProfileView.swift in Sources */,
				C988FFFE2B2A07AE00228C5E /* EditProfileViewModel.swift in Sources */,
				C9ECE67C2B28B10C00DECBC1 /* AuthService.swift in Sources */,
				C988FFF42B29EFBC00228C5E /* UserService.swift in Sources */,
				C9884BF62B278B9D00AC9CEE /* Post.swift in Sources */,
				C9884BFA2B27997000AC9CEE /* ProfileHeaderView.swift in Sources */,
				C9B062B42B2CE1E100D909EB /* CommentCellView.swift in Sources */,
				C990DE232B3092B9000AED07 /* UserListConfig.swift in Sources */,
				C9B062A82B2CA99F00D909EB /* PostGrindViewModel.swift in Sources */,
				C9884BEE2B275AF100AC9CEE /* PasswordView.swift in Sources */,
				C9884BF42B2770A000AC9CEE /* CurrentUserProfileView.swift in Sources */,
				C990DE272B309C08000AED07 /* UserListViewModel.swift in Sources */,
				C9001E352B2648750077A953 /* LoginView.swift in Sources */,
				C9B062A22B2C9ED500D909EB /* FeedViewModel.swift in Sources */,
				C9B062AA2B2CB2F000D909EB /* FeedCellViewModel.swift in Sources */,
				C9CCD60E2B2DD5D10052CC6F /* CommentService.swift in Sources */,
				C9CCD6102B2DD5E40052CC6F /* CommentsViewModel.swift in Sources */,
				C9884BF82B2796A100AC9CEE /* PostGridView.swift in Sources */,
				C9B062A42B2CA5BC00D909EB /* PostService.swift in Sources */,
				C9ECE6832B28B55500DECBC1 /* ContentViewModel.swift in Sources */,
				C9ECE6872B28DB9A00DECBC1 /* LoginViewModel.swift in Sources */,
				C9ECE6852B28CB8100DECBC1 /* RegistrationViewModel.swift in Sources */,
				C98800002B2A279500228C5E /* ImageUploader.swift in Sources */,
				C90EE1872B2894FE00CE79D7 /* UploadPostViewModel.swift in Sources */,
				C9884BE82B27520D00AC9CEE /* AddEmailView.swift in Sources */,
				C94479E72B25FB9000A74C49 /* ContentView.swift in Sources */,
				C9CCD60C2B2DD2CF0052CC6F /* CommentModel.swift in Sources */,
				C9884BF22B27676900AC9CEE /* User.swift in Sources */,
				C988FFFA2B2A00BC00228C5E /* EditProfleView.swift in Sources */,
				C9001E332B2643710077A953 /* SearchView.swift in Sources */,
				C9884BF02B275D7700AC9CEE /* CompleteSignupView.swift in Sources */,
				C9884BEA2B2752D500AC9CEE /* IGTextfieldModifire.swift in Sources */,
				C94479E52B25FB9000A74C49 /* InstagramApp.swift in Sources */,
				C988FFF82B29F1FE00228C5E /* SearchViewModel.swift in Sources */,
				C96F57392B2615CA00B7C5F4 /* FeedView.swift in Sources */,
				C94479FF2B25FE4200A74C49 /* MainTabView.swift in Sources */,
			);
			runOnlyForDeploymentPostprocessing = 0;
		};
/* End PBXSourcesBuildPhase section */

/* Begin XCBuildConfiguration section */
		C94479ED2B25FB9200A74C49 /* Debug */ = {
			isa = XCBuildConfiguration;
			buildSettings = {
				ALWAYS_SEARCH_USER_PATHS = NO;
				CLANG_ANALYZER_NONNULL = YES;
				CLANG_ANALYZER_NUMBER_OBJECT_CONVERSION = YES_AGGRESSIVE;
				CLANG_CXX_LANGUAGE_STANDARD = "gnu++20";
				CLANG_ENABLE_MODULES = YES;
				CLANG_ENABLE_OBJC_ARC = YES;
				CLANG_ENABLE_OBJC_WEAK = YES;
				CLANG_WARN_BLOCK_CAPTURE_AUTORELEASING = YES;
				CLANG_WARN_BOOL_CONVERSION = YES;
				CLANG_WARN_COMMA = YES;
				CLANG_WARN_CONSTANT_CONVERSION = YES;
				CLANG_WARN_DEPRECATED_OBJC_IMPLEMENTATIONS = YES;
				CLANG_WARN_DIRECT_OBJC_ISA_USAGE = YES_ERROR;
				CLANG_WARN_DOCUMENTATION_COMMENTS = YES;
				CLANG_WARN_EMPTY_BODY = YES;
				CLANG_WARN_ENUM_CONVERSION = YES;
				CLANG_WARN_INFINITE_RECURSION = YES;
				CLANG_WARN_INT_CONVERSION = YES;
				CLANG_WARN_NON_LITERAL_NULL_CONVERSION = YES;
				CLANG_WARN_OBJC_IMPLICIT_RETAIN_SELF = YES;
				CLANG_WARN_OBJC_LITERAL_CONVERSION = YES;
				CLANG_WARN_OBJC_ROOT_CLASS = YES_ERROR;
				CLANG_WARN_QUOTED_INCLUDE_IN_FRAMEWORK_HEADER = YES;
				CLANG_WARN_RANGE_LOOP_ANALYSIS = YES;
				CLANG_WARN_STRICT_PROTOTYPES = YES;
				CLANG_WARN_SUSPICIOUS_MOVE = YES;
				CLANG_WARN_UNGUARDED_AVAILABILITY = YES_AGGRESSIVE;
				CLANG_WARN_UNREACHABLE_CODE = YES;
				CLANG_WARN__DUPLICATE_METHOD_MATCH = YES;
				COPY_PHASE_STRIP = NO;
				DEBUG_INFORMATION_FORMAT = dwarf;
				ENABLE_STRICT_OBJC_MSGSEND = YES;
				ENABLE_TESTABILITY = YES;
				GCC_C_LANGUAGE_STANDARD = gnu11;
				GCC_DYNAMIC_NO_PIC = NO;
				GCC_NO_COMMON_BLOCKS = YES;
				GCC_OPTIMIZATION_LEVEL = 0;
				GCC_PREPROCESSOR_DEFINITIONS = (
					"DEBUG=1",
					"$(inherited)",
				);
				GCC_WARN_64_TO_32_BIT_CONVERSION = YES;
				GCC_WARN_ABOUT_RETURN_TYPE = YES_ERROR;
				GCC_WARN_UNDECLARED_SELECTOR = YES;
				GCC_WARN_UNINITIALIZED_AUTOS = YES_AGGRESSIVE;
				GCC_WARN_UNUSED_FUNCTION = YES;
				GCC_WARN_UNUSED_VARIABLE = YES;
				IPHONEOS_DEPLOYMENT_TARGET = 16.2;
				MTL_ENABLE_DEBUG_INFO = INCLUDE_SOURCE;
				MTL_FAST_MATH = YES;
				ONLY_ACTIVE_ARCH = YES;
				SDKROOT = iphoneos;
				SWIFT_ACTIVE_COMPILATION_CONDITIONS = DEBUG;
				SWIFT_OPTIMIZATION_LEVEL = "-Onone";
			};
			name = Debug;
		};
		C94479EE2B25FB9200A74C49 /* Release */ = {
			isa = XCBuildConfiguration;
			buildSettings = {
				ALWAYS_SEARCH_USER_PATHS = NO;
				CLANG_ANALYZER_NONNULL = YES;
				CLANG_ANALYZER_NUMBER_OBJECT_CONVERSION = YES_AGGRESSIVE;
				CLANG_CXX_LANGUAGE_STANDARD = "gnu++20";
				CLANG_ENABLE_MODULES = YES;
				CLANG_ENABLE_OBJC_ARC = YES;
				CLANG_ENABLE_OBJC_WEAK = YES;
				CLANG_WARN_BLOCK_CAPTURE_AUTORELEASING = YES;
				CLANG_WARN_BOOL_CONVERSION = YES;
				CLANG_WARN_COMMA = YES;
				CLANG_WARN_CONSTANT_CONVERSION = YES;
				CLANG_WARN_DEPRECATED_OBJC_IMPLEMENTATIONS = YES;
				CLANG_WARN_DIRECT_OBJC_ISA_USAGE = YES_ERROR;
				CLANG_WARN_DOCUMENTATION_COMMENTS = YES;
				CLANG_WARN_EMPTY_BODY = YES;
				CLANG_WARN_ENUM_CONVERSION = YES;
				CLANG_WARN_INFINITE_RECURSION = YES;
				CLANG_WARN_INT_CONVERSION = YES;
				CLANG_WARN_NON_LITERAL_NULL_CONVERSION = YES;
				CLANG_WARN_OBJC_IMPLICIT_RETAIN_SELF = YES;
				CLANG_WARN_OBJC_LITERAL_CONVERSION = YES;
				CLANG_WARN_OBJC_ROOT_CLASS = YES_ERROR;
				CLANG_WARN_QUOTED_INCLUDE_IN_FRAMEWORK_HEADER = YES;
				CLANG_WARN_RANGE_LOOP_ANALYSIS = YES;
				CLANG_WARN_STRICT_PROTOTYPES = YES;
				CLANG_WARN_SUSPICIOUS_MOVE = YES;
				CLANG_WARN_UNGUARDED_AVAILABILITY = YES_AGGRESSIVE;
				CLANG_WARN_UNREACHABLE_CODE = YES;
				CLANG_WARN__DUPLICATE_METHOD_MATCH = YES;
				COPY_PHASE_STRIP = NO;
				DEBUG_INFORMATION_FORMAT = "dwarf-with-dsym";
				ENABLE_NS_ASSERTIONS = NO;
				ENABLE_STRICT_OBJC_MSGSEND = YES;
				GCC_C_LANGUAGE_STANDARD = gnu11;
				GCC_NO_COMMON_BLOCKS = YES;
				GCC_WARN_64_TO_32_BIT_CONVERSION = YES;
				GCC_WARN_ABOUT_RETURN_TYPE = YES_ERROR;
				GCC_WARN_UNDECLARED_SELECTOR = YES;
				GCC_WARN_UNINITIALIZED_AUTOS = YES_AGGRESSIVE;
				GCC_WARN_UNUSED_FUNCTION = YES;
				GCC_WARN_UNUSED_VARIABLE = YES;
				IPHONEOS_DEPLOYMENT_TARGET = 16.2;
				MTL_ENABLE_DEBUG_INFO = NO;
				MTL_FAST_MATH = YES;
				SDKROOT = iphoneos;
				SWIFT_COMPILATION_MODE = wholemodule;
				SWIFT_OPTIMIZATION_LEVEL = "-O";
				VALIDATE_PRODUCT = YES;
			};
			name = Release;
		};
		C94479F02B25FB9200A74C49 /* Debug */ = {
			isa = XCBuildConfiguration;
			buildSettings = {
				ASSETCATALOG_COMPILER_APPICON_NAME = AppIcon;
				ASSETCATALOG_COMPILER_GLOBAL_ACCENT_COLOR_NAME = AccentColor;
				CODE_SIGN_STYLE = Automatic;
				CURRENT_PROJECT_VERSION = 1;
				DEVELOPMENT_ASSET_PATHS = "\"Instagram/Preview Content\"";
				ENABLE_PREVIEWS = YES;
				GENERATE_INFOPLIST_FILE = YES;
				INFOPLIST_KEY_UIApplicationSceneManifest_Generation = YES;
				INFOPLIST_KEY_UIApplicationSupportsIndirectInputEvents = YES;
				INFOPLIST_KEY_UILaunchScreen_Generation = YES;
				INFOPLIST_KEY_UISupportedInterfaceOrientations_iPad = "UIInterfaceOrientationPortrait UIInterfaceOrientationPortraitUpsideDown UIInterfaceOrientationLandscapeLeft UIInterfaceOrientationLandscapeRight";
				INFOPLIST_KEY_UISupportedInterfaceOrientations_iPhone = "UIInterfaceOrientationPortrait UIInterfaceOrientationLandscapeLeft UIInterfaceOrientationLandscapeRight";
				LD_RUNPATH_SEARCH_PATHS = (
					"$(inherited)",
					"@executable_path/Frameworks",
				);
				MARKETING_VERSION = 1.0;
				PRODUCT_BUNDLE_IDENTIFIER = com.smk.Instagram;
				PRODUCT_NAME = "$(TARGET_NAME)";
				SWIFT_EMIT_LOC_STRINGS = YES;
				SWIFT_VERSION = 5.0;
				TARGETED_DEVICE_FAMILY = "1,2";
			};
			name = Debug;
		};
		C94479F12B25FB9200A74C49 /* Release */ = {
			isa = XCBuildConfiguration;
			buildSettings = {
				ASSETCATALOG_COMPILER_APPICON_NAME = AppIcon;
				ASSETCATALOG_COMPILER_GLOBAL_ACCENT_COLOR_NAME = AccentColor;
				CODE_SIGN_STYLE = Automatic;
				CURRENT_PROJECT_VERSION = 1;
				DEVELOPMENT_ASSET_PATHS = "\"Instagram/Preview Content\"";
				ENABLE_PREVIEWS = YES;
				GENERATE_INFOPLIST_FILE = YES;
				INFOPLIST_KEY_UIApplicationSceneManifest_Generation = YES;
				INFOPLIST_KEY_UIApplicationSupportsIndirectInputEvents = YES;
				INFOPLIST_KEY_UILaunchScreen_Generation = YES;
				INFOPLIST_KEY_UISupportedInterfaceOrientations_iPad = "UIInterfaceOrientationPortrait UIInterfaceOrientationPortraitUpsideDown UIInterfaceOrientationLandscapeLeft UIInterfaceOrientationLandscapeRight";
				INFOPLIST_KEY_UISupportedInterfaceOrientations_iPhone = "UIInterfaceOrientationPortrait UIInterfaceOrientationLandscapeLeft UIInterfaceOrientationLandscapeRight";
				LD_RUNPATH_SEARCH_PATHS = (
					"$(inherited)",
					"@executable_path/Frameworks",
				);
				MARKETING_VERSION = 1.0;
				PRODUCT_BUNDLE_IDENTIFIER = com.smk.Instagram;
				PRODUCT_NAME = "$(TARGET_NAME)";
				SWIFT_EMIT_LOC_STRINGS = YES;
				SWIFT_VERSION = 5.0;
				TARGETED_DEVICE_FAMILY = "1,2";
			};
			name = Release;
		};
/* End XCBuildConfiguration section */

/* Begin XCConfigurationList section */
		C94479DC2B25FB9000A74C49 /* Build configuration list for PBXProject "Instagram" */ = {
			isa = XCConfigurationList;
			buildConfigurations = (
				C94479ED2B25FB9200A74C49 /* Debug */,
				C94479EE2B25FB9200A74C49 /* Release */,
			);
			defaultConfigurationIsVisible = 0;
			defaultConfigurationName = Release;
		};
		C94479EF2B25FB9200A74C49 /* Build configuration list for PBXNativeTarget "Instagram" */ = {
			isa = XCConfigurationList;
			buildConfigurations = (
				C94479F02B25FB9200A74C49 /* Debug */,
				C94479F12B25FB9200A74C49 /* Release */,
			);
			defaultConfigurationIsVisible = 0;
			defaultConfigurationName = Release;
		};
/* End XCConfigurationList section */

/* Begin XCRemoteSwiftPackageReference section */
		C98800012B2A2FE300228C5E /* XCRemoteSwiftPackageReference "Kingfisher" */ = {
			isa = XCRemoteSwiftPackageReference;
			repositoryURL = "https://github.com/onevcat/Kingfisher.git";
			requirement = {
				kind = upToNextMajorVersion;
				minimumVersion = 7.0.0;
			};
		};
		C9ECE6702B28A92500DECBC1 /* XCRemoteSwiftPackageReference "firebase-ios-sdk" */ = {
			isa = XCRemoteSwiftPackageReference;
			repositoryURL = "https://github.com/firebase/firebase-ios-sdk";
			requirement = {
				kind = upToNextMajorVersion;
				minimumVersion = 9.0.0;
			};
		};
/* End XCRemoteSwiftPackageReference section */

/* Begin XCSwiftPackageProductDependency section */
		C98800022B2A2FE300228C5E /* Kingfisher */ = {
			isa = XCSwiftPackageProductDependency;
			package = C98800012B2A2FE300228C5E /* XCRemoteSwiftPackageReference "Kingfisher" */;
			productName = Kingfisher;
		};
		C9ECE6712B28A92500DECBC1 /* FirebaseAuth */ = {
			isa = XCSwiftPackageProductDependency;
			package = C9ECE6702B28A92500DECBC1 /* XCRemoteSwiftPackageReference "firebase-ios-sdk" */;
			productName = FirebaseAuth;
		};
		C9ECE6732B28A92500DECBC1 /* FirebaseFirestore */ = {
			isa = XCSwiftPackageProductDependency;
			package = C9ECE6702B28A92500DECBC1 /* XCRemoteSwiftPackageReference "firebase-ios-sdk" */;
			productName = FirebaseFirestore;
		};
		C9ECE6752B28A92500DECBC1 /* FirebaseFirestoreSwift */ = {
			isa = XCSwiftPackageProductDependency;
			package = C9ECE6702B28A92500DECBC1 /* XCRemoteSwiftPackageReference "firebase-ios-sdk" */;
			productName = FirebaseFirestoreSwift;
		};
		C9ECE6772B28A92500DECBC1 /* FirebaseStorage */ = {
			isa = XCSwiftPackageProductDependency;
			package = C9ECE6702B28A92500DECBC1 /* XCRemoteSwiftPackageReference "firebase-ios-sdk" */;
			productName = FirebaseStorage;
		};
/* End XCSwiftPackageProductDependency section */
	};
	rootObject = C94479D92B25FB9000A74C49 /* Project object */;
}
